
Microsoft Visual Studio Solution File, Format Version 12.00
# Visual Studio Version 17
VisualStudioVersion = 17.6.33829.357
MinimumVisualStudioVersion = 10.0.40219.1
Project("{FAE04EC0-301F-11D3-BF4B-00C04F79EFBC}") = "Company.PL", "Company.PL\Company.PL.csproj", "{12E83785-F066-460C-8ABB-BA96C53E04C0}"
EndProject
Project("{FAE04EC0-301F-11D3-BF4B-00C04F79EFBC}") = "Company.DAL", "Company.DAL\Company.DAL.csproj", "{1E100A60-D985-43AC-A663-A2CAEB248178}"
EndProject
Project("{FAE04EC0-301F-11D3-BF4B-00C04F79EFBC}") = "Company.BLL", "Company.BLL\Company.BLL.csproj", "{DD877BFE-A496-4506-A726-44AD2A3D6E06}"
EndProject
Global
	GlobalSection(SolutionConfigurationPlatforms) = preSolution
		Debug|Any CPU = Debug|Any CPU
		Release|Any CPU = Release|Any CPU
	EndGlobalSection
	GlobalSection(ProjectConfigurationPlatforms) = postSolution
		{12E83785-F066-460C-8ABB-BA96C53E04C0}.Debug|Any CPU.ActiveCfg = Debug|Any CPU
		{12E83785-F066-460C-8ABB-BA96C53E04C0}.Debug|Any CPU.Build.0 = Debug|Any CPU
		{12E83785-F066-460C-8ABB-BA96C53E04C0}.Release|Any CPU.ActiveCfg = Release|Any CPU
		{12E83785-F066-460C-8ABB-BA96C53E04C0}.Release|Any CPU.Build.0 = Release|Any CPU
		{1E100A60-D985-43AC-A663-A2CAEB248178}.Debug|Any CPU.ActiveCfg = Debug|Any CPU
		{1E100A60-D985-43AC-A663-A2CAEB248178}.Debug|Any CPU.Build.0 = Debug|Any CPU
		{1E100A60-D985-43AC-A663-A2CAEB248178}.Release|Any CPU.ActiveCfg = Release|Any CPU
		{1E100A60-D985-43AC-A663-A2CAEB248178}.Release|Any CPU.Build.0 = Release|Any CPU
		{DD877BFE-A496-4506-A726-44AD2A3D6E06}.Debug|Any CPU.ActiveCfg = Debug|Any CPU
		{DD877BFE-A496-4506-A726-44AD2A3D6E06}.Debug|Any CPU.Build.0 = Debug|Any CPU
		{DD877BFE-A496-4506-A726-44AD2A3D6E06}.Release|Any CPU.ActiveCfg = Release|Any CPU
		{DD877BFE-A496-4506-A726-44AD2A3D6E06}.Release|Any CPU.Build.0 = Release|Any CPU
	EndGlobalSection
	GlobalSection(SolutionProperties) = preSolution
		HideSolutionNode = FALSE
	EndGlobalSection
	GlobalSection(ExtensibilityGlobals) = postSolution
		SolutionGuid = {3B1123F7-2520-4C39-AC92-44A2CFEFEE99}
	EndGlobalSection
EndGlobal
